
Microsoft Visual Studio Solution File, Format Version 12.00
# Visual Studio Version 17
VisualStudioVersion = 17.7.34031.279
MinimumVisualStudioVersion = 10.0.40219.1
Project("{8BC9CEB8-8B4A-11D0-8D11-00A0C91BC942}") = "Project1_Utility_Library", "Project1_Utility_Library\Project1_Utility_Library.vcxproj", "{83DD99CA-3097-4F19-A380-1DEDAEEEBA79}"
EndProject
Global
	GlobalSection(SolutionConfigurationPlatforms) = preSolution
		Debug|x64 = Debug|x64
		Debug|x86 = Debug|x86
		Release|x64 = Release|x64
		Release|x86 = Release|x86
	EndGlobalSection
	GlobalSection(ProjectConfigurationPlatforms) = postSolution
		{83DD99CA-3097-4F19-A380-1DEDAEEEBA79}.Debug|x64.ActiveCfg = Debug|x64
		{83DD99CA-3097-4F19-A380-1DEDAEEEBA79}.Debug|x64.Build.0 = Debug|x64
		{83DD99CA-3097-4F19-A380-1DEDAEEEBA79}.Debug|x86.ActiveCfg = Debug|Win32
		{83DD99CA-3097-4F19-A380-1DEDAEEEBA79}.Debug|x86.Build.0 = Debug|Win32
		{83DD99CA-3097-4F19-A380-1DEDAEEEBA79}.Release|x64.ActiveCfg = Release|x64
		{83DD99CA-3097-4F19-A380-1DEDAEEEBA79}.Release|x64.Build.0 = Release|x64
		{83DD99CA-3097-4F19-A380-1DEDAEEEBA79}.Release|x86.ActiveCfg = Release|Win32
		{83DD99CA-3097-4F19-A380-1DEDAEEEBA79}.Release|x86.Build.0 = Release|Win32
	EndGlobalSection
	GlobalSection(SolutionProperties) = preSolution
		HideSolutionNode = FALSE
	EndGlobalSection
	GlobalSection(ExtensibilityGlobals) = postSolution
		SolutionGuid = {A91F68E7-AE3E-4D7D-A6DE-1B06ECCEBD51}
	EndGlobalSection
EndGlobal
